{
  "originHash" : "cddcfc57cfde87b3919baa6485d9af437e42621d4e002cd12870ae8299fb4a5c",
  "pins" : [
    {
      "identity" : "bigint",
      "kind" : "remoteSourceControl",
      "location" : "https://github.com/attaswift/BigInt.git",
      "state" : {
        "revision" : "63feef7820abb1a8fb08587d7da56bb0b7db8751",
        "version" : "6.0.1"
      }
    },
    {
      "identity" : "float16",
      "kind" : "remoteSourceControl",
      "location" : "https://github.com/SusanDoggie/Float16.git",
      "state" : {
        "revision" : "936ae66adccf1c91bcaeeb9c0cddde78a13695c3",
        "version" : "1.1.1"
      }
    },
    {
      "identity" : "swift-cbor-codable",
      "kind" : "remoteSourceControl",
      "location" : "https://github.com/Kingpin-Apps/swift-cbor-codable.git",
      "state" : {
        "revision" : "98fc0f0138329593237cbbc2991de1da17d41b55",
        "version" : "0.3.4"
      }
    },
    {
      "identity" : "swift-collections",
      "kind" : "remoteSourceControl",
      "location" : "https://github.com/apple/swift-collections.git",
      "state" : {
        "revision" : "98ef3c98609a1e31b7e157b5b619579001a789d6",
        "version" : "1.7.1"
      }
    },
    {
      "identity" : "swift-numerics",
      "kind" : "remoteSourceControl",
      "location" : "https://github.com/apple/swift-numerics",
      "state" : {
        "revision" : "0c0290ff6b24942dadb83a929ffaaa1481df04a2",
        "version" : "1.1.1"
      }
    }
  ],
  "version" : 3
}
